
Microsoft Visual Studio Solution File, Format Version 12.00
# Visual Studio Version 16
VisualStudioVersion = 16.0.31829.152
MinimumVisualStudioVersion = 10.0.40219.1
Project("{9A19103F-16F7-4668-BE54-9A1E7A4F7556}") = "Project5.Server", "Server\Project5.Server.csproj", "{75A6EF15-74E6-4181-B4CE-FDD659AACD2E}"
EndProject
Project("{9A19103F-16F7-4668-BE54-9A1E7A4F7556}") = "Project5.Client", "Client\Project5.Client.csproj", "{63634ABD-36C1-4234-AEE1-761459BC0453}"
EndProject
Project("{9A19103F-16F7-4668-BE54-9A1E7A4F7556}") = "Project5.Shared", "Shared\Project5.Shared.csproj", "{989A24AD-87C2-458B-93F1-D9D91C4723C1}"
EndProject
Global
	GlobalSection(SolutionConfigurationPlatforms) = preSolution
		Debug|Any CPU = Debug|Any CPU
		Release|Any CPU = Release|Any CPU
	EndGlobalSection
	GlobalSection(ProjectConfigurationPlatforms) = postSolution
		{75A6EF15-74E6-4181-B4CE-FDD659AACD2E}.Debug|Any CPU.ActiveCfg = Debug|Any CPU
		{75A6EF15-74E6-4181-B4CE-FDD659AACD2E}.Debug|Any CPU.Build.0 = Debug|Any CPU
		{75A6EF15-74E6-4181-B4CE-FDD659AACD2E}.Release|Any CPU.ActiveCfg = Release|Any CPU
		{75A6EF15-74E6-4181-B4CE-FDD659AACD2E}.Release|Any CPU.Build.0 = Release|Any CPU
		{63634ABD-36C1-4234-AEE1-761459BC0453}.Debug|Any CPU.ActiveCfg = Debug|Any CPU
		{63634ABD-36C1-4234-AEE1-761459BC0453}.Debug|Any CPU.Build.0 = Debug|Any CPU
		{63634ABD-36C1-4234-AEE1-761459BC0453}.Release|Any CPU.ActiveCfg = Release|Any CPU
		{63634ABD-36C1-4234-AEE1-761459BC0453}.Release|Any CPU.Build.0 = Release|Any CPU
		{989A24AD-87C2-458B-93F1-D9D91C4723C1}.Debug|Any CPU.ActiveCfg = Debug|Any CPU
		{989A24AD-87C2-458B-93F1-D9D91C4723C1}.Debug|Any CPU.Build.0 = Debug|Any CPU
		{989A24AD-87C2-458B-93F1-D9D91C4723C1}.Release|Any CPU.ActiveCfg = Release|Any CPU
		{989A24AD-87C2-458B-93F1-D9D91C4723C1}.Release|Any CPU.Build.0 = Release|Any CPU
	EndGlobalSection
	GlobalSection(SolutionProperties) = preSolution
		HideSolutionNode = FALSE
	EndGlobalSection
	GlobalSection(ExtensibilityGlobals) = postSolution
		SolutionGuid = {DBF2E2E4-C9B3-4BA8-8159-217C31B72EDF}
	EndGlobalSection
EndGlobal
